
Microsoft Visual Studio Solution File, Format Version 12.00
# Visual Studio 14
VisualStudioVersion = 14.0.24720.0
MinimumVisualStudioVersion = 10.0.40219.1
Project("{FAE04EC0-301F-11D3-BF4B-00C04F79EFBC}") = "Gwen", "Gwen\Gwen.csproj", "{ADDA2F43-96C0-497F-8216-29C67ABC9806}"
EndProject
Project("{FAE04EC0-301F-11D3-BF4B-00C04F79EFBC}") = "Gwen.UnitTest", "Gwen.UnitTest\Gwen.UnitTest.csproj", "{1E28C643-0671-4EDF-ADEE-B75D33BAE5AF}"
EndProject
Project("{FAE04EC0-301F-11D3-BF4B-00C04F79EFBC}") = "Gwen.UnitTest.OpenTK", "Gwen.UnitTest.OpenTK\Gwen.UnitTest.OpenTK.csproj", "{B316F57F-6D02-4487-95AE-EA88B9C995CE}"
EndProject
Project("{FAE04EC0-301F-11D3-BF4B-00C04F79EFBC}") = "Gwen.Renderer.OpenTK", "Gwen.Renderer.OpenTK\Gwen.Renderer.OpenTK.csproj", "{41650C82-D630-4E5C-845A-F1513C8FDC99}"
EndProject
Project("{FAE04EC0-301F-11D3-BF4B-00C04F79EFBC}") = "Gwen.XmlDesigner", "Gwen.XmlDesigner\Gwen.XmlDesigner.csproj", "{D71C277E-F684-4D2F-8FC3-83D4A6374080}"
EndProject
Project("{FAE04EC0-301F-11D3-BF4B-00C04F79EFBC}") = "Gwen.XmlDesigner.OpenTK", "Gwen.XmlDesigner.OpenTK\Gwen.XmlDesigner.OpenTK.csproj", "{A0497842-4A71-45A6-928F-2BC2467DA544}"
EndProject
Project("{FAE04EC0-301F-11D3-BF4B-00C04F79EFBC}") = "Gwen.Platform.Windows", "Gwen.Platform.Windows\Gwen.Platform.Windows.csproj", "{84C52BA6-C8D5-4D68-BF1B-A5D7E9E2EB8C}"
EndProject
Project("{FAE04EC0-301F-11D3-BF4B-00C04F79EFBC}") = "Gwen.UnitTest.Android", "Gwen.UnitTest.Android\Gwen.UnitTest.Android.csproj", "{C18A1A8D-4C5E-44AB-ACA3-502CFCEEFFD0}"
EndProject
Project("{FAE04EC0-301F-11D3-BF4B-00C04F79EFBC}") = "Gwen.Platform.Android", "Gwen.Platform.Android\Gwen.Platform.Android.csproj", "{2C91C2A4-5287-4EF9-B1C9-2F5C56C6BCAD}"
EndProject
Project("{FAE04EC0-301F-11D3-BF4B-00C04F79EFBC}") = "Gwen.Renderer.Android.OpenTK", "Gwen.Renderer.Android.OpenTK\Gwen.Renderer.Android.OpenTK.csproj", "{61813EE8-E5A8-477F-B8B8-07E963799F09}"
EndProject
Global
	GlobalSection(SolutionConfigurationPlatforms) = preSolution
		Debug|Any CPU = Debug|Any CPU
		Release|Any CPU = Release|Any CPU
	EndGlobalSection
	GlobalSection(ProjectConfigurationPlatforms) = postSolution
		{ADDA2F43-96C0-497F-8216-29C67ABC9806}.Debug|Any CPU.ActiveCfg = Debug|Any CPU
		{ADDA2F43-96C0-497F-8216-29C67ABC9806}.Debug|Any CPU.Build.0 = Debug|Any CPU
		{ADDA2F43-96C0-497F-8216-29C67ABC9806}.Release|Any CPU.ActiveCfg = Release|Any CPU
		{ADDA2F43-96C0-497F-8216-29C67ABC9806}.Release|Any CPU.Build.0 = Release|Any CPU
		{1E28C643-0671-4EDF-ADEE-B75D33BAE5AF}.Debug|Any CPU.ActiveCfg = Debug|Any CPU
		{1E28C643-0671-4EDF-ADEE-B75D33BAE5AF}.Debug|Any CPU.Build.0 = Debug|Any CPU
		{1E28C643-0671-4EDF-ADEE-B75D33BAE5AF}.Release|Any CPU.ActiveCfg = Release|Any CPU
		{1E28C643-0671-4EDF-ADEE-B75D33BAE5AF}.Release|Any CPU.Build.0 = Release|Any CPU
		{B316F57F-6D02-4487-95AE-EA88B9C995CE}.Debug|Any CPU.ActiveCfg = Debug|Any CPU
		{B316F57F-6D02-4487-95AE-EA88B9C995CE}.Debug|Any CPU.Build.0 = Debug|Any CPU
		{B316F57F-6D02-4487-95AE-EA88B9C995CE}.Release|Any CPU.ActiveCfg = Release|Any CPU
		{B316F57F-6D02-4487-95AE-EA88B9C995CE}.Release|Any CPU.Build.0 = Release|Any CPU
		{41650C82-D630-4E5C-845A-F1513C8FDC99}.Debug|Any CPU.ActiveCfg = Debug|Any CPU
		{41650C82-D630-4E5C-845A-F1513C8FDC99}.Debug|Any CPU.Build.0 = Debug|Any CPU
		{41650C82-D630-4E5C-845A-F1513C8FDC99}.Release|Any CPU.ActiveCfg = Release|Any CPU
		{41650C82-D630-4E5C-845A-F1513C8FDC99}.Release|Any CPU.Build.0 = Release|Any CPU
		{D71C277E-F684-4D2F-8FC3-83D4A6374080}.Debug|Any CPU.ActiveCfg = Debug|Any CPU
		{D71C277E-F684-4D2F-8FC3-83D4A6374080}.Debug|Any CPU.Build.0 = Debug|Any CPU
		{D71C277E-F684-4D2F-8FC3-83D4A6374080}.Release|Any CPU.ActiveCfg = Release|Any CPU
		{D71C277E-F684-4D2F-8FC3-83D4A6374080}.Release|Any CPU.Build.0 = Release|Any CPU
		{A0497842-4A71-45A6-928F-2BC2467DA544}.Debug|Any CPU.ActiveCfg = Debug|Any CPU
		{A0497842-4A71-45A6-928F-2BC2467DA544}.Debug|Any CPU.Build.0 = Debug|Any CPU
		{A0497842-4A71-45A6-928F-2BC2467DA544}.Release|Any CPU.ActiveCfg = Release|Any CPU
		{A0497842-4A71-45A6-928F-2BC2467DA544}.Release|Any CPU.Build.0 = Release|Any CPU
		{84C52BA6-C8D5-4D68-BF1B-A5D7E9E2EB8C}.Debug|Any CPU.ActiveCfg = Debug|Any CPU
		{84C52BA6-C8D5-4D68-BF1B-A5D7E9E2EB8C}.Debug|Any CPU.Build.0 = Debug|Any CPU
		{84C52BA6-C8D5-4D68-BF1B-A5D7E9E2EB8C}.Release|Any CPU.ActiveCfg = Release|Any CPU
		{84C52BA6-C8D5-4D68-BF1B-A5D7E9E2EB8C}.Release|Any CPU.Build.0 = Release|Any CPU
		{C18A1A8D-4C5E-44AB-ACA3-502CFCEEFFD0}.Debug|Any CPU.ActiveCfg = Debug|Any CPU
		{C18A1A8D-4C5E-44AB-ACA3-502CFCEEFFD0}.Debug|Any CPU.Build.0 = Debug|Any CPU
		{C18A1A8D-4C5E-44AB-ACA3-502CFCEEFFD0}.Debug|Any CPU.Deploy.0 = Debug|Any CPU
		{C18A1A8D-4C5E-44AB-ACA3-502CFCEEFFD0}.Release|Any CPU.ActiveCfg = Release|Any CPU
		{C18A1A8D-4C5E-44AB-ACA3-502CFCEEFFD0}.Release|Any CPU.Build.0 = Release|Any CPU
		{C18A1A8D-4C5E-44AB-ACA3-502CFCEEFFD0}.Release|Any CPU.Deploy.0 = Release|Any CPU
		{2C91C2A4-5287-4EF9-B1C9-2F5C56C6BCAD}.Debug|Any CPU.ActiveCfg = Debug|Any CPU
		{2C91C2A4-5287-4EF9-B1C9-2F5C56C6BCAD}.Debug|Any CPU.Build.0 = Debug|Any CPU
		{2C91C2A4-5287-4EF9-B1C9-2F5C56C6BCAD}.Release|Any CPU.ActiveCfg = Release|Any CPU
		{2C91C2A4-5287-4EF9-B1C9-2F5C56C6BCAD}.Release|Any CPU.Build.0 = Release|Any CPU
		{61813EE8-E5A8-477F-B8B8-07E963799F09}.Debug|Any CPU.ActiveCfg = Debug|Any CPU
		{61813EE8-E5A8-477F-B8B8-07E963799F09}.Debug|Any CPU.Build.0 = Debug|Any CPU
		{61813EE8-E5A8-477F-B8B8-07E963799F09}.Release|Any CPU.ActiveCfg = Release|Any CPU
		{61813EE8-E5A8-477F-B8B8-07E963799F09}.Release|Any CPU.Build.0 = Release|Any CPU
	EndGlobalSection
	GlobalSection(SolutionProperties) = preSolution
		HideSolutionNode = FALSE
	EndGlobalSection
	GlobalSection(MonoDevelopProperties) = preSolution
		Policies = $0
		$0.TextStylePolicy = $1
		$1.TabsToSpaces = False
		$1.inheritsSet = VisualStudio
		$1.inheritsScope = text/plain
		$1.scope = text/x-csharp
		$0.CSharpFormattingPolicy = $2
		$2.IndentSwitchBody = True
		$2.IndentBlocksInsideExpressions = True
		$2.AnonymousMethodBraceStyle = NextLine
		$2.PropertyBraceStyle = NextLine
		$2.PropertyGetBraceStyle = NextLine
		$2.PropertySetBraceStyle = NextLine
		$2.EventBraceStyle = NextLine
		$2.EventAddBraceStyle = NextLine
		$2.EventRemoveBraceStyle = NextLine
		$2.StatementBraceStyle = NextLine
		$2.ElseNewLinePlacement = NewLine
		$2.CatchNewLinePlacement = NewLine
		$2.FinallyNewLinePlacement = NewLine
		$2.WhileNewLinePlacement = DoNotCare
		$2.ArrayInitializerWrapping = DoNotChange
		$2.ArrayInitializerBraceStyle = NextLine
		$2.BeforeMethodDeclarationParentheses = False
		$2.BeforeMethodCallParentheses = False
		$2.BeforeConstructorDeclarationParentheses = False
		$2.NewLineBeforeConstructorInitializerColon = NewLine
		$2.NewLineAfterConstructorInitializerColon = SameLine
		$2.BeforeDelegateDeclarationParentheses = False
		$2.NewParentheses = False
		$2.SpacesBeforeBrackets = False
		$2.inheritsSet = Mono
		$2.inheritsScope = text/x-csharp
		$2.scope = text/x-csharp
	EndGlobalSection
EndGlobal
